// !$*UTF8*$!
{
	archiveVersion = 1;
	classes = {
	};
	objectVersion = 56;
	objects = {

/* Begin PBXBuildFile section */
		180CFC932AC2258C009CF888 /* APIClient.swift in Sources */ = {isa = PBXBuildFile; fileRef = 180CFC912AC2258C009CF888 /* APIClient.swift */; };
		180CFC942AC2258C009CF888 /* NetworkService.swift in Sources */ = {isa = PBXBuildFile; fileRef = 180CFC922AC2258C009CF888 /* NetworkService.swift */; };
		18BCAC942ABF7CC400ACB876 /* AppDelegate.swift in Sources */ = {isa = PBXBuildFile; fileRef = 18BCAC932ABF7CC400ACB876 /* AppDelegate.swift */; };
		18BCAC962ABF7CC400ACB876 /* SceneDelegate.swift in Sources */ = {isa = PBXBuildFile; fileRef = 18BCAC952ABF7CC400ACB876 /* SceneDelegate.swift */; };
		18BCAC982ABF7CC400ACB876 /* ViewController.swift in Sources */ = {isa = PBXBuildFile; fileRef = 18BCAC972ABF7CC400ACB876 /* ViewController.swift */; };
		18BCAC9B2ABF7CC400ACB876 /* Main.storyboard in Resources */ = {isa = PBXBuildFile; fileRef = 18BCAC992ABF7CC400ACB876 /* Main.storyboard */; };
		18BCAC9D2ABF7CC500ACB876 /* Assets.xcassets in Resources */ = {isa = PBXBuildFile; fileRef = 18BCAC9C2ABF7CC500ACB876 /* Assets.xcassets */; };
		18BCACA02ABF7CC500ACB876 /* LaunchScreen.storyboard in Resources */ = {isa = PBXBuildFile; fileRef = 18BCAC9E2ABF7CC500ACB876 /* LaunchScreen.storyboard */; };
		18F774032AC2378600818312 /* Constants.swift in Sources */ = {isa = PBXBuildFile; fileRef = 18F774022AC2378600818312 /* Constants.swift */; };
		18F7741A2AC4B98500818312 /* Url.swift in Sources */ = {isa = PBXBuildFile; fileRef = 18F774132AC4B98400818312 /* Url.swift */; };
		18F7741B2AC4B98500818312 /* Item.swift in Sources */ = {isa = PBXBuildFile; fileRef = 18F774142AC4B98500818312 /* Item.swift */; };
		18F7741C2AC4B98500818312 /* CharacterAPIModel.swift in Sources */ = {isa = PBXBuildFile; fileRef = 18F774152AC4B98500818312 /* CharacterAPIModel.swift */; };
		18F7741D2AC4B98500818312 /* MarvelData.swift in Sources */ = {isa = PBXBuildFile; fileRef = 18F774162AC4B98500818312 /* MarvelData.swift */; };
		18F7741E2AC4B98500818312 /* Result.swift in Sources */ = {isa = PBXBuildFile; fileRef = 18F774172AC4B98500818312 /* Result.swift */; };
		18F7741F2AC4B98500818312 /* Comic.swift in Sources */ = {isa = PBXBuildFile; fileRef = 18F774182AC4B98500818312 /* Comic.swift */; };
		18F774202AC4B98500818312 /* Thumbnail.swift in Sources */ = {isa = PBXBuildFile; fileRef = 18F774192AC4B98500818312 /* Thumbnail.swift */; };
		18F774252AC4BED500818312 /* CharacterCollectionViewCell.swift in Sources */ = {isa = PBXBuildFile; fileRef = 18F774232AC4BED500818312 /* CharacterCollectionViewCell.swift */; };
		18F774262AC4BED500818312 /* CharacterCollectionViewCell.xib in Resources */ = {isa = PBXBuildFile; fileRef = 18F774242AC4BED500818312 /* CharacterCollectionViewCell.xib */; };
		49F06C356BD26C0BC41DD1B9 /* Pods_Marvel.framework in Frameworks */ = {isa = PBXBuildFile; fileRef = 45073F1D4E72E07BCB4F6229 /* Pods_Marvel.framework */; };
/* End PBXBuildFile section */

/* Begin PBXFileReference section */
		180CFC912AC2258C009CF888 /* APIClient.swift */ = {isa = PBXFileReference; fileEncoding = 4; lastKnownFileType = sourcecode.swift; path = APIClient.swift; sourceTree = "<group>"; };
		180CFC922AC2258C009CF888 /* NetworkService.swift */ = {isa = PBXFileReference; fileEncoding = 4; lastKnownFileType = sourcecode.swift; path = NetworkService.swift; sourceTree = "<group>"; };
		18BCAC902ABF7CC400ACB876 /* Marvel.app */ = {isa = PBXFileReference; explicitFileType = wrapper.application; includeInIndex = 0; path = Marvel.app; sourceTree = BUILT_PRODUCTS_DIR; };
		18BCAC932ABF7CC400ACB876 /* AppDelegate.swift */ = {isa = PBXFileReference; lastKnownFileType = sourcecode.swift; path = AppDelegate.swift; sourceTree = "<group>"; };
		18BCAC952ABF7CC400ACB876 /* SceneDelegate.swift */ = {isa = PBXFileReference; lastKnownFileType = sourcecode.swift; path = SceneDelegate.swift; sourceTree = "<group>"; };
		18BCAC972ABF7CC400ACB876 /* ViewController.swift */ = {isa = PBXFileReference; lastKnownFileType = sourcecode.swift; path = ViewController.swift; sourceTree = "<group>"; };
		18BCAC9A2ABF7CC400ACB876 /* Base */ = {isa = PBXFileReference; lastKnownFileType = file.storyboard; name = Base; path = Base.lproj/Main.storyboard; sourceTree = "<group>"; };
		18BCAC9C2ABF7CC500ACB876 /* Assets.xcassets */ = {isa = PBXFileReference; lastKnownFileType = folder.assetcatalog; path = Assets.xcassets; sourceTree = "<group>"; };
		18BCAC9F2ABF7CC500ACB876 /* Base */ = {isa = PBXFileReference; lastKnownFileType = file.storyboard; name = Base; path = Base.lproj/LaunchScreen.storyboard; sourceTree = "<group>"; };
		18BCACA12ABF7CC500ACB876 /* Info.plist */ = {isa = PBXFileReference; lastKnownFileType = text.plist.xml; path = Info.plist; sourceTree = "<group>"; };
		18F774022AC2378600818312 /* Constants.swift */ = {isa = PBXFileReference; fileEncoding = 4; lastKnownFileType = sourcecode.swift; path = Constants.swift; sourceTree = "<group>"; };
		18F774132AC4B98400818312 /* Url.swift */ = {isa = PBXFileReference; fileEncoding = 4; lastKnownFileType = sourcecode.swift; path = Url.swift; sourceTree = "<group>"; };
		18F774142AC4B98500818312 /* Item.swift */ = {isa = PBXFileReference; fileEncoding = 4; lastKnownFileType = sourcecode.swift; path = Item.swift; sourceTree = "<group>"; };
		18F774152AC4B98500818312 /* CharacterAPIModel.swift */ = {isa = PBXFileReference; fileEncoding = 4; lastKnownFileType = sourcecode.swift; path = CharacterAPIModel.swift; sourceTree = "<group>"; };
		18F774162AC4B98500818312 /* MarvelData.swift */ = {isa = PBXFileReference; fileEncoding = 4; lastKnownFileType = sourcecode.swift; path = MarvelData.swift; sourceTree = "<group>"; };
		18F774172AC4B98500818312 /* Result.swift */ = {isa = PBXFileReference; fileEncoding = 4; lastKnownFileType = sourcecode.swift; path = Result.swift; sourceTree = "<group>"; };
		18F774182AC4B98500818312 /* Comic.swift */ = {isa = PBXFileReference; fileEncoding = 4; lastKnownFileType = sourcecode.swift; path = Comic.swift; sourceTree = "<group>"; };
		18F774192AC4B98500818312 /* Thumbnail.swift */ = {isa = PBXFileReference; fileEncoding = 4; lastKnownFileType = sourcecode.swift; path = Thumbnail.swift; sourceTree = "<group>"; };
		18F774232AC4BED500818312 /* CharacterCollectionViewCell.swift */ = {isa = PBXFileReference; lastKnownFileType = sourcecode.swift; path = CharacterCollectionViewCell.swift; sourceTree = "<group>"; };
		18F774242AC4BED500818312 /* CharacterCollectionViewCell.xib */ = {isa = PBXFileReference; lastKnownFileType = file.xib; path = CharacterCollectionViewCell.xib; sourceTree = "<group>"; };
		45073F1D4E72E07BCB4F6229 /* Pods_Marvel.framework */ = {isa = PBXFileReference; explicitFileType = wrapper.framework; includeInIndex = 0; path = Pods_Marvel.framework; sourceTree = BUILT_PRODUCTS_DIR; };
		936646F046F4D5566A464DE8 /* Pods-Marvel.debug.xcconfig */ = {isa = PBXFileReference; includeInIndex = 1; lastKnownFileType = text.xcconfig; name = "Pods-Marvel.debug.xcconfig"; path = "Target Support Files/Pods-Marvel/Pods-Marvel.debug.xcconfig"; sourceTree = "<group>"; };
		BE232967BB457768CCF7C790 /* Pods-Marvel.release.xcconfig */ = {isa = PBXFileReference; includeInIndex = 1; lastKnownFileType = text.xcconfig; name = "Pods-Marvel.release.xcconfig"; path = "Target Support Files/Pods-Marvel/Pods-Marvel.release.xcconfig"; sourceTree = "<group>"; };
/* End PBXFileReference section */

/* Begin PBXFrameworksBuildPhase section */
		18BCAC8D2ABF7CC400ACB876 /* Frameworks */ = {
			isa = PBXFrameworksBuildPhase;
			buildActionMask = 2147483647;
			files = (
				49F06C356BD26C0BC41DD1B9 /* Pods_Marvel.framework in Frameworks */,
			);
			runOnlyForDeploymentPostprocessing = 0;
		};
/* End PBXFrameworksBuildPhase section */

/* Begin PBXGroup section */
		180CFC902AC22442009CF888 /* Network */ = {
			isa = PBXGroup;
			children = (
				18F774122AC4B8D400818312 /* Models */,
				18F774022AC2378600818312 /* Constants.swift */,
				180CFC912AC2258C009CF888 /* APIClient.swift */,
				180CFC922AC2258C009CF888 /* NetworkService.swift */,
			);
			path = Network;
			sourceTree = "<group>";
		};
		18BCAC872ABF7CC400ACB876 = {
			isa = PBXGroup;
			children = (
				18BCAC922ABF7CC400ACB876 /* Marvel */,
				18BCAC912ABF7CC400ACB876 /* Products */,
				C294131CC22DA16E3B71BF13 /* Pods */,
				61F6E84C92A40CA093C84E35 /* Frameworks */,
			);
			sourceTree = "<group>";
		};
		18BCAC912ABF7CC400ACB876 /* Products */ = {
			isa = PBXGroup;
			children = (
				18BCAC902ABF7CC400ACB876 /* Marvel.app */,
			);
			name = Products;
			sourceTree = "<group>";
		};
		18BCAC922ABF7CC400ACB876 /* Marvel */ = {
			isa = PBXGroup;
			children = (
				180CFC902AC22442009CF888 /* Network */,
				18BCAC932ABF7CC400ACB876 /* AppDelegate.swift */,
				18BCAC952ABF7CC400ACB876 /* SceneDelegate.swift */,
				18F774212AC4BEB400818312 /* Main */,
				18BCAC9C2ABF7CC500ACB876 /* Assets.xcassets */,
				18BCAC9E2ABF7CC500ACB876 /* LaunchScreen.storyboard */,
				18BCACA12ABF7CC500ACB876 /* Info.plist */,
			);
			path = Marvel;
			sourceTree = "<group>";
		};
		18F774122AC4B8D400818312 /* Models */ = {
			isa = PBXGroup;
			children = (
				18F774152AC4B98500818312 /* CharacterAPIModel.swift */,
				18F774182AC4B98500818312 /* Comic.swift */,
				18F774162AC4B98500818312 /* MarvelData.swift */,
				18F774142AC4B98500818312 /* Item.swift */,
				18F774172AC4B98500818312 /* Result.swift */,
				18F774192AC4B98500818312 /* Thumbnail.swift */,
				18F774132AC4B98400818312 /* Url.swift */,
			);
			path = Models;
			sourceTree = "<group>";
		};
		18F774212AC4BEB400818312 /* Main */ = {
			isa = PBXGroup;
			children = (
				18F774222AC4BEBE00818312 /* Cell */,
				18BCAC972ABF7CC400ACB876 /* ViewController.swift */,
				18BCAC992ABF7CC400ACB876 /* Main.storyboard */,
			);
			path = Main;
			sourceTree = "<group>";
		};
		18F774222AC4BEBE00818312 /* Cell */ = {
			isa = PBXGroup;
			children = (
				18F774232AC4BED500818312 /* CharacterCollectionViewCell.swift */,
				18F774242AC4BED500818312 /* CharacterCollectionViewCell.xib */,
			);
			path = Cell;
			sourceTree = "<group>";
		};
		61F6E84C92A40CA093C84E35 /* Frameworks */ = {
			isa = PBXGroup;
			children = (
				45073F1D4E72E07BCB4F6229 /* Pods_Marvel.framework */,
			);
			name = Frameworks;
			sourceTree = "<group>";
		};
		C294131CC22DA16E3B71BF13 /* Pods */ = {
			isa = PBXGroup;
			children = (
				936646F046F4D5566A464DE8 /* Pods-Marvel.debug.xcconfig */,
				BE232967BB457768CCF7C790 /* Pods-Marvel.release.xcconfig */,
			);
			path = Pods;
			sourceTree = "<group>";
		};
/* End PBXGroup section */

/* Begin PBXNativeTarget section */
		18BCAC8F2ABF7CC400ACB876 /* Marvel */ = {
			isa = PBXNativeTarget;
			buildConfigurationList = 18BCACA42ABF7CC500ACB876 /* Build configuration list for PBXNativeTarget "Marvel" */;
			buildPhases = (
				7199A765320A41E107CA7819 /* [CP] Check Pods Manifest.lock */,
				18BCAC8C2ABF7CC400ACB876 /* Sources */,
				18BCAC8D2ABF7CC400ACB876 /* Frameworks */,
				18BCAC8E2ABF7CC400ACB876 /* Resources */,
				D94D59E39881C1C326BBFDE9 /* [CP] Embed Pods Frameworks */,
			);
			buildRules = (
			);
			dependencies = (
			);
			name = Marvel;
			productName = Marvel;
			productReference = 18BCAC902ABF7CC400ACB876 /* Marvel.app */;
			productType = "com.apple.product-type.application";
		};
/* End PBXNativeTarget section */

/* Begin PBXProject section */
		18BCAC882ABF7CC400ACB876 /* Project object */ = {
			isa = PBXProject;
			attributes = {
				BuildIndependentTargetsInParallel = 1;
				LastSwiftUpdateCheck = 1420;
				LastUpgradeCheck = 1420;
				TargetAttributes = {
					18BCAC8F2ABF7CC400ACB876 = {
						CreatedOnToolsVersion = 14.2;
					};
				};
			};
			buildConfigurationList = 18BCAC8B2ABF7CC400ACB876 /* Build configuration list for PBXProject "Marvel" */;
			compatibilityVersion = "Xcode 14.0";
			developmentRegion = en;
			hasScannedForEncodings = 0;
			knownRegions = (
				en,
				Base,
			);
			mainGroup = 18BCAC872ABF7CC400ACB876;
			productRefGroup = 18BCAC912ABF7CC400ACB876 /* Products */;
			projectDirPath = "";
			projectRoot = "";
			targets = (
				18BCAC8F2ABF7CC400ACB876 /* Marvel */,
			);
		};
/* End PBXProject section */

/* Begin PBXResourcesBuildPhase section */
		18BCAC8E2ABF7CC400ACB876 /* Resources */ = {
			isa = PBXResourcesBuildPhase;
			buildActionMask = 2147483647;
			files = (
				18F774262AC4BED500818312 /* CharacterCollectionViewCell.xib in Resources */,
				18BCACA02ABF7CC500ACB876 /* LaunchScreen.storyboard in Resources */,
				18BCAC9D2ABF7CC500ACB876 /* Assets.xcassets in Resources */,
				18BCAC9B2ABF7CC400ACB876 /* Main.storyboard in Resources */,
			);
			runOnlyForDeploymentPostprocessing = 0;
		};
/* End PBXResourcesBuildPhase section */

/* Begin PBXShellScriptBuildPhase section */
		7199A765320A41E107CA7819 /* [CP] Check Pods Manifest.lock */ = {
			isa = PBXShellScriptBuildPhase;
			buildActionMask = 2147483647;
			files = (
			);
			inputFileListPaths = (
			);
			inputPaths = (
				"${PODS_PODFILE_DIR_PATH}/Podfile.lock",
				"${PODS_ROOT}/Manifest.lock",
			);
			name = "[CP] Check Pods Manifest.lock";
			outputFileListPaths = (
			);
			outputPaths = (
				"$(DERIVED_FILE_DIR)/Pods-Marvel-checkManifestLockResult.txt",
			);
			runOnlyForDeploymentPostprocessing = 0;
			shellPath = /bin/sh;
			shellScript = "diff \"${PODS_PODFILE_DIR_PATH}/Podfile.lock\" \"${PODS_ROOT}/Manifest.lock\" > /dev/null\nif [ $? != 0 ] ; then\n    # print error to STDERR\n    echo \"error: The sandbox is not in sync with the Podfile.lock. Run 'pod install' or update your CocoaPods installation.\" >&2\n    exit 1\nfi\n# This output is used by Xcode 'outputs' to avoid re-running this script phase.\necho \"SUCCESS\" > \"${SCRIPT_OUTPUT_FILE_0}\"\n";
			showEnvVarsInLog = 0;
		};
		D94D59E39881C1C326BBFDE9 /* [CP] Embed Pods Frameworks */ = {
			isa = PBXShellScriptBuildPhase;
			buildActionMask = 2147483647;
			files = (
			);
			inputFileListPaths = (
				"${PODS_ROOT}/Target Support Files/Pods-Marvel/Pods-Marvel-frameworks-${CONFIGURATION}-input-files.xcfilelist",
			);
			name = "[CP] Embed Pods Frameworks";
			outputFileListPaths = (
				"${PODS_ROOT}/Target Support Files/Pods-Marvel/Pods-Marvel-frameworks-${CONFIGURATION}-output-files.xcfilelist",
			);
			runOnlyForDeploymentPostprocessing = 0;
			shellPath = /bin/sh;
			shellScript = "\"${PODS_ROOT}/Target Support Files/Pods-Marvel/Pods-Marvel-frameworks.sh\"\n";
			showEnvVarsInLog = 0;
		};
/* End PBXShellScriptBuildPhase section */

/* Begin PBXSourcesBuildPhase section */
		18BCAC8C2ABF7CC400ACB876 /* Sources */ = {
			isa = PBXSourcesBuildPhase;
			buildActionMask = 2147483647;
			files = (
				180CFC942AC2258C009CF888 /* NetworkService.swift in Sources */,
				18F7741F2AC4B98500818312 /* Comic.swift in Sources */,
				18F7741D2AC4B98500818312 /* MarvelData.swift in Sources */,
				18BCAC982ABF7CC400ACB876 /* ViewController.swift in Sources */,
				18F7741A2AC4B98500818312 /* Url.swift in Sources */,
				18BCAC942ABF7CC400ACB876 /* AppDelegate.swift in Sources */,
				18F774252AC4BED500818312 /* CharacterCollectionViewCell.swift in Sources */,
				18F774202AC4B98500818312 /* Thumbnail.swift in Sources */,
				18F7741C2AC4B98500818312 /* CharacterAPIModel.swift in Sources */,
				18F7741B2AC4B98500818312 /* Item.swift in Sources */,
				18BCAC962ABF7CC400ACB876 /* SceneDelegate.swift in Sources */,
				180CFC932AC2258C009CF888 /* APIClient.swift in Sources */,
				18F774032AC2378600818312 /* Constants.swift in Sources */,
				18F7741E2AC4B98500818312 /* Result.swift in Sources */,
			);
			runOnlyForDeploymentPostprocessing = 0;
		};
/* End PBXSourcesBuildPhase section */

/* Begin PBXVariantGroup section */
		18BCAC992ABF7CC400ACB876 /* Main.storyboard */ = {
			isa = PBXVariantGroup;
			children = (
				18BCAC9A2ABF7CC400ACB876 /* Base */,
			);
			name = Main.storyboard;
			sourceTree = "<group>";
		};
		18BCAC9E2ABF7CC500ACB876 /* LaunchScreen.storyboard */ = {
			isa = PBXVariantGroup;
			children = (
				18BCAC9F2ABF7CC500ACB876 /* Base */,
			);
			name = LaunchScreen.storyboard;
			sourceTree = "<group>";
		};
/* End PBXVariantGroup section */

/* Begin XCBuildConfiguration section */
		18BCACA22ABF7CC500ACB876 /* Debug */ = {
			isa = XCBuildConfiguration;
			buildSettings = {
				ALWAYS_SEARCH_USER_PATHS = NO;
				CLANG_ANALYZER_NONNULL = YES;
				CLANG_ANALYZER_NUMBER_OBJECT_CONVERSION = YES_AGGRESSIVE;
				CLANG_CXX_LANGUAGE_STANDARD = "gnu++20";
				CLANG_ENABLE_MODULES = YES;
				CLANG_ENABLE_OBJC_ARC = YES;
				CLANG_ENABLE_OBJC_WEAK = YES;
				CLANG_WARN_BLOCK_CAPTURE_AUTORELEASING = YES;
				CLANG_WARN_BOOL_CONVERSION = YES;
				CLANG_WARN_COMMA = YES;
				CLANG_WARN_CONSTANT_CONVERSION = YES;
				CLANG_WARN_DEPRECATED_OBJC_IMPLEMENTATIONS = YES;
				CLANG_WARN_DIRECT_OBJC_ISA_USAGE = YES_ERROR;
				CLANG_WARN_DOCUMENTATION_COMMENTS = YES;
				CLANG_WARN_EMPTY_BODY = YES;
				CLANG_WARN_ENUM_CONVERSION = YES;
				CLANG_WARN_INFINITE_RECURSION = YES;
				CLANG_WARN_INT_CONVERSION = YES;
				CLANG_WARN_NON_LITERAL_NULL_CONVERSION = YES;
				CLANG_WARN_OBJC_IMPLICIT_RETAIN_SELF = YES;
				CLANG_WARN_OBJC_LITERAL_CONVERSION = YES;
				CLANG_WARN_OBJC_ROOT_CLASS = YES_ERROR;
				CLANG_WARN_QUOTED_INCLUDE_IN_FRAMEWORK_HEADER = YES;
				CLANG_WARN_RANGE_LOOP_ANALYSIS = YES;
				CLANG_WARN_STRICT_PROTOTYPES = YES;
				CLANG_WARN_SUSPICIOUS_MOVE = YES;
				CLANG_WARN_UNGUARDED_AVAILABILITY = YES_AGGRESSIVE;
				CLANG_WARN_UNREACHABLE_CODE = YES;
				CLANG_WARN__DUPLICATE_METHOD_MATCH = YES;
				COPY_PHASE_STRIP = NO;
				DEBUG_INFORMATION_FORMAT = dwarf;
				ENABLE_STRICT_OBJC_MSGSEND = YES;
				ENABLE_TESTABILITY = YES;
				GCC_C_LANGUAGE_STANDARD = gnu11;
				GCC_DYNAMIC_NO_PIC = NO;
				GCC_NO_COMMON_BLOCKS = YES;
				GCC_OPTIMIZATION_LEVEL = 0;
				GCC_PREPROCESSOR_DEFINITIONS = (
					"DEBUG=1",
					"$(inherited)",
				);
				GCC_WARN_64_TO_32_BIT_CONVERSION = YES;
				GCC_WARN_ABOUT_RETURN_TYPE = YES_ERROR;
				GCC_WARN_UNDECLARED_SELECTOR = YES;
				GCC_WARN_UNINITIALIZED_AUTOS = YES_AGGRESSIVE;
				GCC_WARN_UNUSED_FUNCTION = YES;
				GCC_WARN_UNUSED_VARIABLE = YES;
				IPHONEOS_DEPLOYMENT_TARGET = 16.2;
				MTL_ENABLE_DEBUG_INFO = INCLUDE_SOURCE;
				MTL_FAST_MATH = YES;
				ONLY_ACTIVE_ARCH = YES;
				SDKROOT = iphoneos;
				SWIFT_ACTIVE_COMPILATION_CONDITIONS = DEBUG;
				SWIFT_OPTIMIZATION_LEVEL = "-Onone";
			};
			name = Debug;
		};
		18BCACA32ABF7CC500ACB876 /* Release */ = {
			isa = XCBuildConfiguration;
			buildSettings = {
				ALWAYS_SEARCH_USER_PATHS = NO;
				CLANG_ANALYZER_NONNULL = YES;
				CLANG_ANALYZER_NUMBER_OBJECT_CONVERSION = YES_AGGRESSIVE;
				CLANG_CXX_LANGUAGE_STANDARD = "gnu++20";
				CLANG_ENABLE_MODULES = YES;
				CLANG_ENABLE_OBJC_ARC = YES;
				CLANG_ENABLE_OBJC_WEAK = YES;
				CLANG_WARN_BLOCK_CAPTURE_AUTORELEASING = YES;
				CLANG_WARN_BOOL_CONVERSION = YES;
				CLANG_WARN_COMMA = YES;
				CLANG_WARN_CONSTANT_CONVERSION = YES;
				CLANG_WARN_DEPRECATED_OBJC_IMPLEMENTATIONS = YES;
				CLANG_WARN_DIRECT_OBJC_ISA_USAGE = YES_ERROR;
				CLANG_WARN_DOCUMENTATION_COMMENTS = YES;
				CLANG_WARN_EMPTY_BODY = YES;
				CLANG_WARN_ENUM_CONVERSION = YES;
				CLANG_WARN_INFINITE_RECURSION = YES;
				CLANG_WARN_INT_CONVERSION = YES;
				CLANG_WARN_NON_LITERAL_NULL_CONVERSION = YES;
				CLANG_WARN_OBJC_IMPLICIT_RETAIN_SELF = YES;
				CLANG_WARN_OBJC_LITERAL_CONVERSION = YES;
				CLANG_WARN_OBJC_ROOT_CLASS = YES_ERROR;
				CLANG_WARN_QUOTED_INCLUDE_IN_FRAMEWORK_HEADER = YES;
				CLANG_WARN_RANGE_LOOP_ANALYSIS = YES;
				CLANG_WARN_STRICT_PROTOTYPES = YES;
				CLANG_WARN_SUSPICIOUS_MOVE = YES;
				CLANG_WARN_UNGUARDED_AVAILABILITY = YES_AGGRESSIVE;
				CLANG_WARN_UNREACHABLE_CODE = YES;
				CLANG_WARN__DUPLICATE_METHOD_MATCH = YES;
				COPY_PHASE_STRIP = NO;
				DEBUG_INFORMATION_FORMAT = "dwarf-with-dsym";
				ENABLE_NS_ASSERTIONS = NO;
				ENABLE_STRICT_OBJC_MSGSEND = YES;
				GCC_C_LANGUAGE_STANDARD = gnu11;
				GCC_NO_COMMON_BLOCKS = YES;
				GCC_WARN_64_TO_32_BIT_CONVERSION = YES;
				GCC_WARN_ABOUT_RETURN_TYPE = YES_ERROR;
				GCC_WARN_UNDECLARED_SELECTOR = YES;
				GCC_WARN_UNINITIALIZED_AUTOS = YES_AGGRESSIVE;
				GCC_WARN_UNUSED_FUNCTION = YES;
				GCC_WARN_UNUSED_VARIABLE = YES;
				IPHONEOS_DEPLOYMENT_TARGET = 16.2;
				MTL_ENABLE_DEBUG_INFO = NO;
				MTL_FAST_MATH = YES;
				SDKROOT = iphoneos;
				SWIFT_COMPILATION_MODE = wholemodule;
				SWIFT_OPTIMIZATION_LEVEL = "-O";
				VALIDATE_PRODUCT = YES;
			};
			name = Release;
		};
		18BCACA52ABF7CC500ACB876 /* Debug */ = {
			isa = XCBuildConfiguration;
			baseConfigurationReference = 936646F046F4D5566A464DE8 /* Pods-Marvel.debug.xcconfig */;
			buildSettings = {
				ASSETCATALOG_COMPILER_APPICON_NAME = AppIcon;
				ASSETCATALOG_COMPILER_GLOBAL_ACCENT_COLOR_NAME = AccentColor;
				CODE_SIGN_STYLE = Automatic;
				CURRENT_PROJECT_VERSION = 1;
				GENERATE_INFOPLIST_FILE = YES;
				INFOPLIST_FILE = Marvel/Info.plist;
				INFOPLIST_KEY_UIApplicationSupportsIndirectInputEvents = YES;
				INFOPLIST_KEY_UILaunchStoryboardName = LaunchScreen;
				INFOPLIST_KEY_UIMainStoryboardFile = Main;
				INFOPLIST_KEY_UISupportedInterfaceOrientations_iPad = "UIInterfaceOrientationPortrait UIInterfaceOrientationPortraitUpsideDown UIInterfaceOrientationLandscapeLeft UIInterfaceOrientationLandscapeRight";
				INFOPLIST_KEY_UISupportedInterfaceOrientations_iPhone = "UIInterfaceOrientationPortrait UIInterfaceOrientationLandscapeLeft UIInterfaceOrientationLandscapeRight";
				IPHONEOS_DEPLOYMENT_TARGET = 13.0;
				LD_RUNPATH_SEARCH_PATHS = (
					"$(inherited)",
					"@executable_path/Frameworks",
				);
				MARKETING_VERSION = 1.0;
				PRODUCT_BUNDLE_IDENTIFIER = com.sulyman.Marvel;
				PRODUCT_NAME = "$(TARGET_NAME)";
				SUPPORTED_PLATFORMS = "iphoneos iphonesimulator";
				SUPPORTS_MACCATALYST = NO;
				SUPPORTS_MAC_DESIGNED_FOR_IPHONE_IPAD = NO;
				SWIFT_EMIT_LOC_STRINGS = YES;
				SWIFT_VERSION = 5.0;
				TARGETED_DEVICE_FAMILY = 1;
			};
			name = Debug;
		};
		18BCACA62ABF7CC500ACB876 /* Release */ = {
			isa = XCBuildConfiguration;
			baseConfigurationReference = BE232967BB457768CCF7C790 /* Pods-Marvel.release.xcconfig */;
			buildSettings = {
				ASSETCATALOG_COMPILER_APPICON_NAME = AppIcon;
				ASSETCATALOG_COMPILER_GLOBAL_ACCENT_COLOR_NAME = AccentColor;
				CODE_SIGN_STYLE = Automatic;
				CURRENT_PROJECT_VERSION = 1;
				GENERATE_INFOPLIST_FILE = YES;
				INFOPLIST_FILE = Marvel/Info.plist;
				INFOPLIST_KEY_UIApplicationSupportsIndirectInputEvents = YES;
				INFOPLIST_KEY_UILaunchStoryboardName = LaunchScreen;
				INFOPLIST_KEY_UIMainStoryboardFile = Main;
				INFOPLIST_KEY_UISupportedInterfaceOrientations_iPad = "UIInterfaceOrientationPortrait UIInterfaceOrientationPortraitUpsideDown UIInterfaceOrientationLandscapeLeft UIInterfaceOrientationLandscapeRight";
				INFOPLIST_KEY_UISupportedInterfaceOrientations_iPhone = "UIInterfaceOrientationPortrait UIInterfaceOrientationLandscapeLeft UIInterfaceOrientationLandscapeRight";
				IPHONEOS_DEPLOYMENT_TARGET = 13.0;
				LD_RUNPATH_SEARCH_PATHS = (
					"$(inherited)",
					"@executable_path/Frameworks",
				);
				MARKETING_VERSION = 1.0;
				PRODUCT_BUNDLE_IDENTIFIER = com.sulyman.Marvel;
				PRODUCT_NAME = "$(TARGET_NAME)";
				SUPPORTED_PLATFORMS = "iphoneos iphonesimulator";
				SUPPORTS_MACCATALYST = NO;
				SUPPORTS_MAC_DESIGNED_FOR_IPHONE_IPAD = NO;
				SWIFT_EMIT_LOC_STRINGS = YES;
				SWIFT_VERSION = 5.0;
				TARGETED_DEVICE_FAMILY = 1;
			};
			name = Release;
		};
/* End XCBuildConfiguration section */

/* Begin XCConfigurationList section */
		18BCAC8B2ABF7CC400ACB876 /* Build configuration list for PBXProject "Marvel" */ = {
			isa = XCConfigurationList;
			buildConfigurations = (
				18BCACA22ABF7CC500ACB876 /* Debug */,
				18BCACA32ABF7CC500ACB876 /* Release */,
			);
			defaultConfigurationIsVisible = 0;
			defaultConfigurationName = Release;
		};
		18BCACA42ABF7CC500ACB876 /* Build configuration list for PBXNativeTarget "Marvel" */ = {
			isa = XCConfigurationList;
			buildConfigurations = (
				18BCACA52ABF7CC500ACB876 /* Debug */,
				18BCACA62ABF7CC500ACB876 /* Release */,
			);
			defaultConfigurationIsVisible = 0;
			defaultConfigurationName = Release;
		};
/* End XCConfigurationList section */
	};
	rootObject = 18BCAC882ABF7CC400ACB876 /* Project object */;
}
